{
  "originHash" : "d12cfa661352028310548639a503944ec39a676d548e421bc81abbeb4ea883f6",
  "pins" : [
    {
      "identity" : "libphonenumber-ios",
      "kind" : "remoteSourceControl",
      "location" : "https://github.com/iziz/libPhoneNumber-iOS.git",
      "state" : {
        "revision" : "cc78d1f2913464cf33e024051479c4c829be5c9c",
        "version" : "1.3.1"
      }
    }
  ],
  "version" : 3
}
